
Microsoft Visual Studio Solution File, Format Version 12.00
# Visual Studio Version 16
VisualStudioVersion = 16.0.30611.23
MinimumVisualStudioVersion = 10.0.40219.1
Project("{9A19103F-16F7-4668-BE54-9A1E7A4F7556}") = "OnSale.Common", "OnSale.Common\OnSale.Common.csproj", "{44487893-3605-4E72-BFFA-C27329F4BF04}"
EndProject
Project("{9A19103F-16F7-4668-BE54-9A1E7A4F7556}") = "OnSale.Web", "OnSale.Web\OnSale.Web.csproj", "{0B941A32-A8E0-4DCD-82FA-A5C28D937677}"
EndProject
Project("{FAE04EC0-301F-11D3-BF4B-00C04F79EFBC}") = "OnSale.Prism", "OnSale.Prism\OnSale.Prism\OnSale.Prism.csproj", "{EC163A70-BB7F-4C2F-9D0E-FF66287A7766}"
EndProject
Project("{FAE04EC0-301F-11D3-BF4B-00C04F79EFBC}") = "OnSale.Prism.Android", "OnSale.Prism\OnSale.Prism.Android\OnSale.Prism.Android.csproj", "{B46BE642-D44A-4340-A37F-5AE414D806D6}"
EndProject
Project("{FAE04EC0-301F-11D3-BF4B-00C04F79EFBC}") = "OnSale.Prism.iOS", "OnSale.Prism\OnSale.Prism.iOS\OnSale.Prism.iOS.csproj", "{132BA576-C5C2-47FC-B77A-D2296053F35F}"
EndProject
Global
	GlobalSection(SolutionConfigurationPlatforms) = preSolution
		Ad-Hoc|Any CPU = Ad-Hoc|Any CPU
		Ad-Hoc|iPhone = Ad-Hoc|iPhone
		Ad-Hoc|iPhoneSimulator = Ad-Hoc|iPhoneSimulator
		AppStore|Any CPU = AppStore|Any CPU
		AppStore|iPhone = AppStore|iPhone
		AppStore|iPhoneSimulator = AppStore|iPhoneSimulator
		Debug|Any CPU = Debug|Any CPU
		Debug|iPhone = Debug|iPhone
		Debug|iPhoneSimulator = Debug|iPhoneSimulator
		Release|Any CPU = Release|Any CPU
		Release|iPhone = Release|iPhone
		Release|iPhoneSimulator = Release|iPhoneSimulator
	EndGlobalSection
	GlobalSection(ProjectConfigurationPlatforms) = postSolution
		{44487893-3605-4E72-BFFA-C27329F4BF04}.Ad-Hoc|Any CPU.ActiveCfg = Release|Any CPU
		{44487893-3605-4E72-BFFA-C27329F4BF04}.Ad-Hoc|Any CPU.Build.0 = Release|Any CPU
		{44487893-3605-4E72-BFFA-C27329F4BF04}.Ad-Hoc|iPhone.ActiveCfg = Release|Any CPU
		{44487893-3605-4E72-BFFA-C27329F4BF04}.Ad-Hoc|iPhone.Build.0 = Release|Any CPU
		{44487893-3605-4E72-BFFA-C27329F4BF04}.Ad-Hoc|iPhoneSimulator.ActiveCfg = Release|Any CPU
		{44487893-3605-4E72-BFFA-C27329F4BF04}.Ad-Hoc|iPhoneSimulator.Build.0 = Release|Any CPU
		{44487893-3605-4E72-BFFA-C27329F4BF04}.AppStore|Any CPU.ActiveCfg = Release|Any CPU
		{44487893-3605-4E72-BFFA-C27329F4BF04}.AppStore|Any CPU.Build.0 = Release|Any CPU
		{44487893-3605-4E72-BFFA-C27329F4BF04}.AppStore|iPhone.ActiveCfg = Release|Any CPU
		{44487893-3605-4E72-BFFA-C27329F4BF04}.AppStore|iPhone.Build.0 = Release|Any CPU
		{44487893-3605-4E72-BFFA-C27329F4BF04}.AppStore|iPhoneSimulator.ActiveCfg = Release|Any CPU
		{44487893-3605-4E72-BFFA-C27329F4BF04}.AppStore|iPhoneSimulator.Build.0 = Release|Any CPU
		{44487893-3605-4E72-BFFA-C27329F4BF04}.Debug|Any CPU.ActiveCfg = Debug|Any CPU
		{44487893-3605-4E72-BFFA-C27329F4BF04}.Debug|Any CPU.Build.0 = Debug|Any CPU
		{44487893-3605-4E72-BFFA-C27329F4BF04}.Debug|iPhone.ActiveCfg = Debug|Any CPU
		{44487893-3605-4E72-BFFA-C27329F4BF04}.Debug|iPhone.Build.0 = Debug|Any CPU
		{44487893-3605-4E72-BFFA-C27329F4BF04}.Debug|iPhoneSimulator.ActiveCfg = Debug|Any CPU
		{44487893-3605-4E72-BFFA-C27329F4BF04}.Debug|iPhoneSimulator.Build.0 = Debug|Any CPU
		{44487893-3605-4E72-BFFA-C27329F4BF04}.Release|Any CPU.ActiveCfg = Release|Any CPU
		{44487893-3605-4E72-BFFA-C27329F4BF04}.Release|Any CPU.Build.0 = Release|Any CPU
		{44487893-3605-4E72-BFFA-C27329F4BF04}.Release|iPhone.ActiveCfg = Release|Any CPU
		{44487893-3605-4E72-BFFA-C27329F4BF04}.Release|iPhone.Build.0 = Release|Any CPU
		{44487893-3605-4E72-BFFA-C27329F4BF04}.Release|iPhoneSimulator.ActiveCfg = Release|Any CPU
		{44487893-3605-4E72-BFFA-C27329F4BF04}.Release|iPhoneSimulator.Build.0 = Release|Any CPU
		{0B941A32-A8E0-4DCD-82FA-A5C28D937677}.Ad-Hoc|Any CPU.ActiveCfg = Release|Any CPU
		{0B941A32-A8E0-4DCD-82FA-A5C28D937677}.Ad-Hoc|Any CPU.Build.0 = Release|Any CPU
		{0B941A32-A8E0-4DCD-82FA-A5C28D937677}.Ad-Hoc|iPhone.ActiveCfg = Release|Any CPU
		{0B941A32-A8E0-4DCD-82FA-A5C28D937677}.Ad-Hoc|iPhone.Build.0 = Release|Any CPU
		{0B941A32-A8E0-4DCD-82FA-A5C28D937677}.Ad-Hoc|iPhoneSimulator.ActiveCfg = Release|Any CPU
		{0B941A32-A8E0-4DCD-82FA-A5C28D937677}.Ad-Hoc|iPhoneSimulator.Build.0 = Release|Any CPU
		{0B941A32-A8E0-4DCD-82FA-A5C28D937677}.AppStore|Any CPU.ActiveCfg = Release|Any CPU
		{0B941A32-A8E0-4DCD-82FA-A5C28D937677}.AppStore|Any CPU.Build.0 = Release|Any CPU
		{0B941A32-A8E0-4DCD-82FA-A5C28D937677}.AppStore|iPhone.ActiveCfg = Release|Any CPU
		{0B941A32-A8E0-4DCD-82FA-A5C28D937677}.AppStore|iPhone.Build.0 = Release|Any CPU
		{0B941A32-A8E0-4DCD-82FA-A5C28D937677}.AppStore|iPhoneSimulator.ActiveCfg = Release|Any CPU
		{0B941A32-A8E0-4DCD-82FA-A5C28D937677}.AppStore|iPhoneSimulator.Build.0 = Release|Any CPU
		{0B941A32-A8E0-4DCD-82FA-A5C28D937677}.Debug|Any CPU.ActiveCfg = Debug|Any CPU
		{0B941A32-A8E0-4DCD-82FA-A5C28D937677}.Debug|Any CPU.Build.0 = Debug|Any CPU
		{0B941A32-A8E0-4DCD-82FA-A5C28D937677}.Debug|iPhone.ActiveCfg = Debug|Any CPU
		{0B941A32-A8E0-4DCD-82FA-A5C28D937677}.Debug|iPhone.Build.0 = Debug|Any CPU
		{0B941A32-A8E0-4DCD-82FA-A5C28D937677}.Debug|iPhoneSimulator.ActiveCfg = Debug|Any CPU
		{0B941A32-A8E0-4DCD-82FA-A5C28D937677}.Debug|iPhoneSimulator.Build.0 = Debug|Any CPU
		{0B941A32-A8E0-4DCD-82FA-A5C28D937677}.Release|Any CPU.ActiveCfg = Release|Any CPU
		{0B941A32-A8E0-4DCD-82FA-A5C28D937677}.Release|Any CPU.Build.0 = Release|Any CPU
		{0B941A32-A8E0-4DCD-82FA-A5C28D937677}.Release|iPhone.ActiveCfg = Release|Any CPU
		{0B941A32-A8E0-4DCD-82FA-A5C28D937677}.Release|iPhone.Build.0 = Release|Any CPU
		{0B941A32-A8E0-4DCD-82FA-A5C28D937677}.Release|iPhoneSimulator.ActiveCfg = Release|Any CPU
		{0B941A32-A8E0-4DCD-82FA-A5C28D937677}.Release|iPhoneSimulator.Build.0 = Release|Any CPU
		{EC163A70-BB7F-4C2F-9D0E-FF66287A7766}.Ad-Hoc|Any CPU.ActiveCfg = Release|Any CPU
		{EC163A70-BB7F-4C2F-9D0E-FF66287A7766}.Ad-Hoc|Any CPU.Build.0 = Release|Any CPU
		{EC163A70-BB7F-4C2F-9D0E-FF66287A7766}.Ad-Hoc|iPhone.ActiveCfg = Release|Any CPU
		{EC163A70-BB7F-4C2F-9D0E-FF66287A7766}.Ad-Hoc|iPhone.Build.0 = Release|Any CPU
		{EC163A70-BB7F-4C2F-9D0E-FF66287A7766}.Ad-Hoc|iPhoneSimulator.ActiveCfg = Release|Any CPU
		{EC163A70-BB7F-4C2F-9D0E-FF66287A7766}.Ad-Hoc|iPhoneSimulator.Build.0 = Release|Any CPU
		{EC163A70-BB7F-4C2F-9D0E-FF66287A7766}.AppStore|Any CPU.ActiveCfg = Release|Any CPU
		{EC163A70-BB7F-4C2F-9D0E-FF66287A7766}.AppStore|Any CPU.Build.0 = Release|Any CPU
		{EC163A70-BB7F-4C2F-9D0E-FF66287A7766}.AppStore|iPhone.ActiveCfg = Release|Any CPU
		{EC163A70-BB7F-4C2F-9D0E-FF66287A7766}.AppStore|iPhone.Build.0 = Release|Any CPU
		{EC163A70-BB7F-4C2F-9D0E-FF66287A7766}.AppStore|iPhoneSimulator.ActiveCfg = Release|Any CPU
		{EC163A70-BB7F-4C2F-9D0E-FF66287A7766}.AppStore|iPhoneSimulator.Build.0 = Release|Any CPU
		{EC163A70-BB7F-4C2F-9D0E-FF66287A7766}.Debug|Any CPU.ActiveCfg = Debug|Any CPU
		{EC163A70-BB7F-4C2F-9D0E-FF66287A7766}.Debug|Any CPU.Build.0 = Debug|Any CPU
		{EC163A70-BB7F-4C2F-9D0E-FF66287A7766}.Debug|iPhone.ActiveCfg = Debug|Any CPU
		{EC163A70-BB7F-4C2F-9D0E-FF66287A7766}.Debug|iPhone.Build.0 = Debug|Any CPU
		{EC163A70-BB7F-4C2F-9D0E-FF66287A7766}.Debug|iPhoneSimulator.ActiveCfg = Debug|Any CPU
		{EC163A70-BB7F-4C2F-9D0E-FF66287A7766}.Debug|iPhoneSimulator.Build.0 = Debug|Any CPU
		{EC163A70-BB7F-4C2F-9D0E-FF66287A7766}.Release|Any CPU.ActiveCfg = Release|Any CPU
		{EC163A70-BB7F-4C2F-9D0E-FF66287A7766}.Release|Any CPU.Build.0 = Release|Any CPU
		{EC163A70-BB7F-4C2F-9D0E-FF66287A7766}.Release|iPhone.ActiveCfg = Release|Any CPU
		{EC163A70-BB7F-4C2F-9D0E-FF66287A7766}.Release|iPhone.Build.0 = Release|Any CPU
		{EC163A70-BB7F-4C2F-9D0E-FF66287A7766}.Release|iPhoneSimulator.ActiveCfg = Release|Any CPU
		{EC163A70-BB7F-4C2F-9D0E-FF66287A7766}.Release|iPhoneSimulator.Build.0 = Release|Any CPU
		{B46BE642-D44A-4340-A37F-5AE414D806D6}.Ad-Hoc|Any CPU.ActiveCfg = Debug|Any CPU
		{B46BE642-D44A-4340-A37F-5AE414D806D6}.Ad-Hoc|Any CPU.Build.0 = Debug|Any CPU
		{B46BE642-D44A-4340-A37F-5AE414D806D6}.Ad-Hoc|Any CPU.Deploy.0 = Debug|Any CPU
		{B46BE642-D44A-4340-A37F-5AE414D806D6}.Ad-Hoc|iPhone.ActiveCfg = Debug|Any CPU
		{B46BE642-D44A-4340-A37F-5AE414D806D6}.Ad-Hoc|iPhone.Build.0 = Debug|Any CPU
		{B46BE642-D44A-4340-A37F-5AE414D806D6}.Ad-Hoc|iPhone.Deploy.0 = Debug|Any CPU
		{B46BE642-D44A-4340-A37F-5AE414D806D6}.Ad-Hoc|iPhoneSimulator.ActiveCfg = Debug|Any CPU
		{B46BE642-D44A-4340-A37F-5AE414D806D6}.Ad-Hoc|iPhoneSimulator.Build.0 = Debug|Any CPU
		{B46BE642-D44A-4340-A37F-5AE414D806D6}.Ad-Hoc|iPhoneSimulator.Deploy.0 = Debug|Any CPU
		{B46BE642-D44A-4340-A37F-5AE414D806D6}.AppStore|Any CPU.ActiveCfg = Debug|Any CPU
		{B46BE642-D44A-4340-A37F-5AE414D806D6}.AppStore|Any CPU.Build.0 = Debug|Any CPU
		{B46BE642-D44A-4340-A37F-5AE414D806D6}.AppStore|Any CPU.Deploy.0 = Debug|Any CPU
		{B46BE642-D44A-4340-A37F-5AE414D806D6}.AppStore|iPhone.ActiveCfg = Debug|Any CPU
		{B46BE642-D44A-4340-A37F-5AE414D806D6}.AppStore|iPhone.Build.0 = Debug|Any CPU
		{B46BE642-D44A-4340-A37F-5AE414D806D6}.AppStore|iPhone.Deploy.0 = Debug|Any CPU
		{B46BE642-D44A-4340-A37F-5AE414D806D6}.AppStore|iPhoneSimulator.ActiveCfg = Debug|Any CPU
		{B46BE642-D44A-4340-A37F-5AE414D806D6}.AppStore|iPhoneSimulator.Build.0 = Debug|Any CPU
		{B46BE642-D44A-4340-A37F-5AE414D806D6}.AppStore|iPhoneSimulator.Deploy.0 = Debug|Any CPU
		{B46BE642-D44A-4340-A37F-5AE414D806D6}.Debug|Any CPU.ActiveCfg = Debug|Any CPU
		{B46BE642-D44A-4340-A37F-5AE414D806D6}.Debug|Any CPU.Build.0 = Debug|Any CPU
		{B46BE642-D44A-4340-A37F-5AE414D806D6}.Debug|Any CPU.Deploy.0 = Debug|Any CPU
		{B46BE642-D44A-4340-A37F-5AE414D806D6}.Debug|iPhone.ActiveCfg = Debug|Any CPU
		{B46BE642-D44A-4340-A37F-5AE414D806D6}.Debug|iPhone.Build.0 = Debug|Any CPU
		{B46BE642-D44A-4340-A37F-5AE414D806D6}.Debug|iPhone.Deploy.0 = Debug|Any CPU
		{B46BE642-D44A-4340-A37F-5AE414D806D6}.Debug|iPhoneSimulator.ActiveCfg = Debug|Any CPU
		{B46BE642-D44A-4340-A37F-5AE414D806D6}.Debug|iPhoneSimulator.Build.0 = Debug|Any CPU
		{B46BE642-D44A-4340-A37F-5AE414D806D6}.Debug|iPhoneSimulator.Deploy.0 = Debug|Any CPU
		{B46BE642-D44A-4340-A37F-5AE414D806D6}.Release|Any CPU.ActiveCfg = Release|Any CPU
		{B46BE642-D44A-4340-A37F-5AE414D806D6}.Release|Any CPU.Build.0 = Release|Any CPU
		{B46BE642-D44A-4340-A37F-5AE414D806D6}.Release|Any CPU.Deploy.0 = Release|Any CPU
		{B46BE642-D44A-4340-A37F-5AE414D806D6}.Release|iPhone.ActiveCfg = Release|Any CPU
		{B46BE642-D44A-4340-A37F-5AE414D806D6}.Release|iPhone.Build.0 = Release|Any CPU
		{B46BE642-D44A-4340-A37F-5AE414D806D6}.Release|iPhone.Deploy.0 = Release|Any CPU
		{B46BE642-D44A-4340-A37F-5AE414D806D6}.Release|iPhoneSimulator.ActiveCfg = Release|Any CPU
		{B46BE642-D44A-4340-A37F-5AE414D806D6}.Release|iPhoneSimulator.Build.0 = Release|Any CPU
		{B46BE642-D44A-4340-A37F-5AE414D806D6}.Release|iPhoneSimulator.Deploy.0 = Release|Any CPU
		{132BA576-C5C2-47FC-B77A-D2296053F35F}.Ad-Hoc|Any CPU.ActiveCfg = Ad-Hoc|iPhoneSimulator
		{132BA576-C5C2-47FC-B77A-D2296053F35F}.Ad-Hoc|iPhone.ActiveCfg = Ad-Hoc|iPhone
		{132BA576-C5C2-47FC-B77A-D2296053F35F}.Ad-Hoc|iPhone.Build.0 = Ad-Hoc|iPhone
		{132BA576-C5C2-47FC-B77A-D2296053F35F}.Ad-Hoc|iPhoneSimulator.ActiveCfg = Ad-Hoc|iPhoneSimulator
		{132BA576-C5C2-47FC-B77A-D2296053F35F}.Ad-Hoc|iPhoneSimulator.Build.0 = Ad-Hoc|iPhoneSimulator
		{132BA576-C5C2-47FC-B77A-D2296053F35F}.AppStore|Any CPU.ActiveCfg = AppStore|iPhoneSimulator
		{132BA576-C5C2-47FC-B77A-D2296053F35F}.AppStore|iPhone.ActiveCfg = AppStore|iPhone
		{132BA576-C5C2-47FC-B77A-D2296053F35F}.AppStore|iPhone.Build.0 = AppStore|iPhone
		{132BA576-C5C2-47FC-B77A-D2296053F35F}.AppStore|iPhoneSimulator.ActiveCfg = AppStore|iPhoneSimulator
		{132BA576-C5C2-47FC-B77A-D2296053F35F}.AppStore|iPhoneSimulator.Build.0 = AppStore|iPhoneSimulator
		{132BA576-C5C2-47FC-B77A-D2296053F35F}.Debug|Any CPU.ActiveCfg = Debug|iPhoneSimulator
		{132BA576-C5C2-47FC-B77A-D2296053F35F}.Debug|iPhone.ActiveCfg = Debug|iPhone
		{132BA576-C5C2-47FC-B77A-D2296053F35F}.Debug|iPhone.Build.0 = Debug|iPhone
		{132BA576-C5C2-47FC-B77A-D2296053F35F}.Debug|iPhoneSimulator.ActiveCfg = Debug|iPhoneSimulator
		{132BA576-C5C2-47FC-B77A-D2296053F35F}.Debug|iPhoneSimulator.Build.0 = Debug|iPhoneSimulator
		{132BA576-C5C2-47FC-B77A-D2296053F35F}.Release|Any CPU.ActiveCfg = Release|iPhoneSimulator
		{132BA576-C5C2-47FC-B77A-D2296053F35F}.Release|iPhone.ActiveCfg = Release|iPhone
		{132BA576-C5C2-47FC-B77A-D2296053F35F}.Release|iPhone.Build.0 = Release|iPhone
		{132BA576-C5C2-47FC-B77A-D2296053F35F}.Release|iPhoneSimulator.ActiveCfg = Release|iPhoneSimulator
		{132BA576-C5C2-47FC-B77A-D2296053F35F}.Release|iPhoneSimulator.Build.0 = Release|iPhoneSimulator
	EndGlobalSection
	GlobalSection(SolutionProperties) = preSolution
		HideSolutionNode = FALSE
	EndGlobalSection
	GlobalSection(ExtensibilityGlobals) = postSolution
		SolutionGuid = {F31CE2A9-C4DC-4BDB-B318-C0288E772794}
	EndGlobalSection
EndGlobal
